{
  "version": 4,
  "terraform_version": "1.5.7",
  "serial": 108,
  "lineage": "42728c69-4f7f-007d-180f-a71162c3d352",
  "outputs": {},
  "resources": [
    {
      "mode": "data",
      "type": "aws_s3_bucket",
      "name": "bucket",
      "provider": "provider[\"registry.terraform.io/hashicorp/aws\"]",
      "instances": [
        {
          "schema_version": 0,
          "attributes": {
            "arn": "arn:aws:s3:::edw-data-residency-lambda",
            "bucket": "edw-data-residency-lambda",
            "bucket_domain_name": "edw-data-residency-lambda.s3.amazonaws.com",
            "bucket_regional_domain_name": "edw-data-residency-lambda.s3.eu-central-1.amazonaws.com",
            "hosted_zone_id": "Z21DNDUVLTQW6Q",
            "id": "edw-data-residency-lambda",
            "region": "eu-central-1",
            "website_domain": null,
            "website_endpoint": null
          },
          "sensitive_attributes": []
        }
      ]
    },
    {
      "mode": "managed",
      "type": "aws_cloudwatch_event_rule",
      "name": "data_residency_dag_ntw_gw_calls_every_5_minutes",
      "provider": "provider[\"registry.terraform.io/hashicorp/aws\"]",
      "instances": [
        {
          "schema_version": 0,
          "attributes": {
            "arn": "arn:aws:events:eu-central-1:248273529068:rule/data_residency_dag_ntw_gw_calls_every_5_minutes",
            "description": "trigger lambda every 5 minute for data_residency_dag_ntw_gw_calls",
            "event_bus_name": "default",
            "event_pattern": null,
            "id": "data_residency_dag_ntw_gw_calls_every_5_minutes",
            "is_enabled": true,
            "name": "data_residency_dag_ntw_gw_calls_every_5_minutes",
            "name_prefix": "",
            "role_arn": "",
            "schedule_expression": "rate(5 minutes)",
            "tags": null,
            "tags_all": {}
          },
          "sensitive_attributes": [],
          "private": "bnVsbA=="
        }
      ]
    },
    {
      "mode": "managed",
      "type": "aws_cloudwatch_event_target",
      "name": "lambda_target",
      "provider": "provider[\"registry.terraform.io/hashicorp/aws\"]",
      "instances": [
        {
          "schema_version": 1,
          "attributes": {
            "arn": "arn:aws:lambda:eu-central-1:248273529068:function:data_residency_dag_ntw_gw_calls",
            "batch_target": [],
            "dead_letter_config": [],
            "ecs_target": [],
            "event_bus_name": "default",
            "http_target": [],
            "id": "data_residency_dag_ntw_gw_calls_every_5_minutes-SendToLambda",
            "input": "",
            "input_path": "",
            "input_transformer": [],
            "kinesis_target": [],
            "redshift_target": [],
            "retry_policy": [],
            "role_arn": "",
            "rule": "data_residency_dag_ntw_gw_calls_every_5_minutes",
            "run_command_targets": [],
            "sagemaker_pipeline_target": [],
            "sqs_target": [],
            "target_id": "SendToLambda"
          },
          "sensitive_attributes": [],
          "private": "eyJzY2hlbWFfdmVyc2lvbiI6IjEifQ==",
          "dependencies": [
            "aws_cloudwatch_event_rule.data_residency_dag_ntw_gw_calls_every_5_minutes",
            "aws_lambda_function.tf_data_residency_dag_ntw_gw_calls"
          ]
        }
      ]
    },
    {
      "mode": "managed",
      "type": "aws_lambda_function",
      "name": "tf_data_residency_dag_ntw_gw_calls",
      "provider": "provider[\"registry.terraform.io/hashicorp/aws\"]",
      "instances": [
        {
          "schema_version": 0,
          "attributes": {
            "architectures": [
              "x86_64"
            ],
            "arn": "arn:aws:lambda:eu-central-1:248273529068:function:data_residency_dag_ntw_gw_calls",
            "code_signing_config_arn": "",
            "dead_letter_config": [],
            "description": "Airflow job : ntw_src_kafkaS3_dest_new_ntw_gw_calls",
            "environment": [
              {
                "variables": {
                  "logging_level": "info"
                }
              }
            ],
            "ephemeral_storage": [
              {
                "size": 512
              }
            ],
            "file_system_config": [],
            "filename": null,
            "function_name": "data_residency_dag_ntw_gw_calls",
            "handler": "lambda_function.lambda_handler",
            "id": "data_residency_dag_ntw_gw_calls",
            "image_config": [],
            "image_uri": "",
            "invoke_arn": "arn:aws:apigateway:eu-central-1:lambda:path/2015-03-31/functions/arn:aws:lambda:eu-central-1:248273529068:function:data_residency_dag_ntw_gw_calls/invocations",
            "kms_key_arn": "",
            "last_modified": "2023-09-28T11:45:00.000+0000",
            "layers": [],
            "memory_size": 128,
            "package_type": "Zip",
            "publish": false,
            "qualified_arn": "arn:aws:lambda:eu-central-1:248273529068:function:data_residency_dag_ntw_gw_calls:$LATEST",
            "qualified_invoke_arn": "arn:aws:apigateway:eu-central-1:lambda:path/2015-03-31/functions/arn:aws:lambda:eu-central-1:248273529068:function:data_residency_dag_ntw_gw_calls:$LATEST/invocations",
            "replace_security_groups_on_destroy": null,
            "replacement_security_group_ids": null,
            "reserved_concurrent_executions": -1,
            "role": "arn:aws:iam::248273529068:role/edw-lambda-msk-role",
            "runtime": "python3.11",
            "s3_bucket": "edw-data-residency-lambda",
            "s3_key": "dag_ntw_gw_calls/dr_dag_ntw_gw_calls.zip",
            "s3_object_version": null,
            "signing_job_arn": "",
            "signing_profile_version_arn": "",
            "skip_destroy": false,
            "snap_start": [],
            "source_code_hash": "9IMWFja8MaMzN9PedTh1RezbreVVSIO6XvU9Dq5pEU4=",
            "source_code_size": 46113307,
            "tags": {},
            "tags_all": {},
            "timeout": 300,
            "timeouts": null,
            "tracing_config": [
              {
                "mode": "PassThrough"
              }
            ],
            "version": "$LATEST",
            "vpc_config": []
          },
          "sensitive_attributes": [],
          "private": "eyJlMmJmYjczMC1lY2FhLTExZTYtOGY4OC0zNDM2M2JjN2M0YzAiOnsiY3JlYXRlIjo2MDAwMDAwMDAwMDAsImRlbGV0ZSI6NjAwMDAwMDAwMDAwLCJ1cGRhdGUiOjYwMDAwMDAwMDAwMH19"
        }
      ]
    },
    {
      "mode": "managed",
      "type": "aws_lambda_permission",
      "name": "allow_bucket",
      "provider": "provider[\"registry.terraform.io/hashicorp/aws\"]",
      "instances": [
        {
          "schema_version": 0,
          "attributes": {
            "action": "lambda:InvokeFunction",
            "event_source_token": null,
            "function_name": "arn:aws:lambda:eu-central-1:248273529068:function:data_residency_dag_ntw_gw_calls",
            "function_url_auth_type": null,
            "id": "terraform-20230928110412933500000001",
            "principal": "s3.amazonaws.com",
            "principal_org_id": null,
            "qualifier": "",
            "source_account": null,
            "source_arn": "arn:aws:s3:::edw-data-residency-lambda",
            "statement_id": "terraform-20230928110412933500000001",
            "statement_id_prefix": "terraform-"
          },
          "sensitive_attributes": [],
          "private": "bnVsbA==",
          "dependencies": [
            "aws_lambda_function.tf_data_residency_dag_ntw_gw_calls",
            "data.aws_s3_bucket.bucket"
          ]
        }
      ]
    },
    {
      "mode": "managed",
      "type": "aws_lambda_permission",
      "name": "allow_eventbridge",
      "provider": "provider[\"registry.terraform.io/hashicorp/aws\"]",
      "instances": [
        {
          "schema_version": 0,
          "attributes": {
            "action": "lambda:InvokeFunction",
            "event_source_token": null,
            "function_name": "data_residency_dag_ntw_gw_calls",
            "function_url_auth_type": null,
            "id": "AllowExecutionFromEventBridge",
            "principal": "events.amazonaws.com",
            "principal_org_id": null,
            "qualifier": "",
            "source_account": null,
            "source_arn": "arn:aws:events:eu-central-1:248273529068:rule/data_residency_dag_ntw_gw_calls_every_5_minutes",
            "statement_id": "AllowExecutionFromEventBridge",
            "statement_id_prefix": ""
          },
          "sensitive_attributes": [],
          "private": "bnVsbA==",
          "dependencies": [
            "aws_cloudwatch_event_rule.data_residency_dag_ntw_gw_calls_every_5_minutes",
            "aws_lambda_function.tf_data_residency_dag_ntw_gw_calls"
          ]
        }
      ]
    },
    {
      "mode": "managed",
      "type": "aws_s3_bucket_notification",
      "name": "bucket_notification",
      "provider": "provider[\"registry.terraform.io/hashicorp/aws\"]",
      "instances": [
        {
          "schema_version": 0,
          "attributes": {
            "bucket": "edw-data-residency-lambda",
            "eventbridge": false,
            "id": "edw-data-residency-lambda",
            "lambda_function": [
              {
                "events": [
                  "s3:ObjectCreated:*"
                ],
                "filter_prefix": "vonage-edw-bucket/",
                "filter_suffix": "",
                "id": "tf-s3-lambda-20230928110413914000000002",
                "lambda_function_arn": "arn:aws:lambda:eu-central-1:248273529068:function:data_residency_dag_ntw_gw_calls"
              }
            ],
            "queue": [],
            "topic": []
          },
          "sensitive_attributes": [],
          "private": "bnVsbA==",
          "dependencies": [
            "aws_lambda_function.tf_data_residency_dag_ntw_gw_calls",
            "aws_lambda_permission.allow_bucket",
            "data.aws_s3_bucket.bucket"
          ]
        }
      ]
    }
  ],
  "check_results": null
}
