{
  "version": 4,
  "terraform_version": "1.5.7",
  "serial": 3,
  "lineage": "5a2ee9af-e980-4c00-07c5-315ec5de140b",
  "outputs": {},
  "resources": [
    {
      "mode": "managed",
      "type": "aws_msk_cluster",
      "name": "kafka",
      "provider": "provider[\"registry.terraform.io/hashicorp/aws\"]",
      "instances": [
        {
          "schema_version": 0,
          "attributes": {
            "arn": "arn:aws:kafka:us-east-1:248273529068:cluster/terraform-apache-kafka-cluster/5222a8ca-c4d8-4344-bb4d-e38ac36ec5e6-10",
            "bootstrap_brokers": "b-1.terraformapachekafkac.7730uq.c10.kafka.us-east-1.amazonaws.com:9092,b-2.terraformapachekafkac.7730uq.c10.kafka.us-east-1.amazonaws.com:9092,b-3.terraformapachekafkac.7730uq.c10.kafka.us-east-1.amazonaws.com:9092",
            "bootstrap_brokers_public_sasl_iam": "",
            "bootstrap_brokers_public_sasl_scram": "",
            "bootstrap_brokers_public_tls": "",
            "bootstrap_brokers_sasl_iam": "",
            "bootstrap_brokers_sasl_scram": "",
            "bootstrap_brokers_tls": "",
            "bootstrap_brokers_vpc_connectivity_sasl_iam": "",
            "bootstrap_brokers_vpc_connectivity_sasl_scram": "",
            "bootstrap_brokers_vpc_connectivity_tls": "",
            "broker_node_group_info": [
              {
                "az_distribution": "DEFAULT",
                "client_subnets": [
                  "subnet-03b0b946cb58c9779",
                  "subnet-06db55dceec9d2057",
                  "subnet-09ea6288fe4025a8b"
                ],
                "connectivity_info": [
                  {
                    "public_access": [
                      {
                        "type": "DISABLED"
                      }
                    ],
                    "vpc_connectivity": [
                      {
                        "client_authentication": [
                          {
                            "sasl": [
                              {
                                "iam": false,
                                "scram": false
                              }
                            ],
                            "tls": false
                          }
                        ]
                      }
                    ]
                  }
                ],
                "instance_type": "kafka.m5.large",
                "security_groups": [
                  "sg-0631fea2ff3437032"
                ],
                "storage_info": [
                  {
                    "ebs_storage_info": [
                      {
                        "provisioned_throughput": [],
                        "volume_size": 100
                      }
                    ]
                  }
                ]
              }
            ],
            "client_authentication": [],
            "cluster_name": "terraform-apache-kafka-cluster",
            "configuration_info": [
              {
                "arn": "arn:aws:kafka:us-east-1:248273529068:configuration/terraform-apache-kafka-cluster-config/a6198807-05db-477c-9da5-752abd8d84e7-10",
                "revision": 1
              }
            ],
            "current_version": "K3AEGXETSR30VB",
            "encryption_info": [
              {
                "encryption_at_rest_kms_key_arn": "arn:aws:kms:us-east-1:248273529068:key/fe50e9e0-ba60-4472-b4ba-0e8b6cf08281",
                "encryption_in_transit": [
                  {
                    "client_broker": "PLAINTEXT",
                    "in_cluster": true
                  }
                ]
              }
            ],
            "enhanced_monitoring": "DEFAULT",
            "id": "arn:aws:kafka:us-east-1:248273529068:cluster/terraform-apache-kafka-cluster/5222a8ca-c4d8-4344-bb4d-e38ac36ec5e6-10",
            "kafka_version": "3.2.0",
            "logging_info": [],
            "number_of_broker_nodes": 3,
            "open_monitoring": [
              {
                "prometheus": [
                  {
                    "jmx_exporter": [
                      {
                        "enabled_in_broker": false
                      }
                    ],
                    "node_exporter": [
                      {
                        "enabled_in_broker": false
                      }
                    ]
                  }
                ]
              }
            ],
            "storage_mode": "LOCAL",
            "tags": {
              "Application": "Data Residency Terraform",
              "name": "terraform-apache-kafka-cluster"
            },
            "tags_all": {
              "Application": "Data Residency Terraform",
              "name": "terraform-apache-kafka-cluster"
            },
            "timeouts": null,
            "zookeeper_connect_string": "z-1.terraformapachekafkac.7730uq.c10.kafka.us-east-1.amazonaws.com:2181,z-2.terraformapachekafkac.7730uq.c10.kafka.us-east-1.amazonaws.com:2181,z-3.terraformapachekafkac.7730uq.c10.kafka.us-east-1.amazonaws.com:2181",
            "zookeeper_connect_string_tls": "z-1.terraformapachekafkac.7730uq.c10.kafka.us-east-1.amazonaws.com:2182,z-2.terraformapachekafkac.7730uq.c10.kafka.us-east-1.amazonaws.com:2182,z-3.terraformapachekafkac.7730uq.c10.kafka.us-east-1.amazonaws.com:2182"
          },
          "sensitive_attributes": [],
          "private": "eyJlMmJmYjczMC1lY2FhLTExZTYtOGY4OC0zNDM2M2JjN2M0YzAiOnsiY3JlYXRlIjo3MjAwMDAwMDAwMDAwLCJkZWxldGUiOjcyMDAwMDAwMDAwMDAsInVwZGF0ZSI6NzIwMDAwMDAwMDAwMH19",
          "dependencies": [
            "aws_msk_configuration.kafka_config"
          ]
        }
      ]
    },
    {
      "mode": "managed",
      "type": "aws_msk_configuration",
      "name": "kafka_config",
      "provider": "provider[\"registry.terraform.io/hashicorp/aws\"]",
      "instances": [
        {
          "schema_version": 0,
          "attributes": {
            "arn": "arn:aws:kafka:us-east-1:248273529068:configuration/terraform-apache-kafka-cluster-config/a6198807-05db-477c-9da5-752abd8d84e7-10",
            "description": "",
            "id": "arn:aws:kafka:us-east-1:248273529068:configuration/terraform-apache-kafka-cluster-config/a6198807-05db-477c-9da5-752abd8d84e7-10",
            "kafka_versions": [
              "3.2.0"
            ],
            "latest_revision": 1,
            "name": "terraform-apache-kafka-cluster-config",
            "server_properties": "auto.create.topics.enable = true\ndelete.topic.enable = true\n"
          },
          "sensitive_attributes": [],
          "private": "bnVsbA=="
        }
      ]
    }
  ],
  "check_results": null
}
